
Microsoft Visual Studio Solution File, Format Version 12.00
# Visual Studio 15
VisualStudioVersion = 15.0.28307.705
MinimumVisualStudioVersion = 10.0.40219.1
Project("{FAE04EC0-301F-11D3-BF4B-00C04F79EFBC}") = "GetProjectData", "GetProjectData.csproj", "{FA3C808B-5C0A-473B-91B4-9576FD5BCA8B}"
EndProject
Project("{FAE04EC0-301F-11D3-BF4B-00C04F79EFBC}") = "DQILogger.Core", "DQILogger\DQILogger.Core.csproj", "{1914F4F1-E715-478E-AE4B-901DF0B15082}"
EndProject
Project("{FAE04EC0-301F-11D3-BF4B-00C04F79EFBC}") = "DQIDB", "DQIDB\DQIDB.csproj", "{C3D8C8AB-5267-48AD-8960-6578E0E2362D}"
EndProject
Project("{FAE04EC0-301F-11D3-BF4B-00C04F79EFBC}") = "Logging.Data", "Logging.Data\Logging.Data.csproj", "{471E2EEE-F8F8-4097-AA87-B78CED3411F2}"
EndProject
Global
	GlobalSection(SolutionConfigurationPlatforms) = preSolution
		Debug|Any CPU = Debug|Any CPU
		Release|Any CPU = Release|Any CPU
	EndGlobalSection
	GlobalSection(ProjectConfigurationPlatforms) = postSolution
		{FA3C808B-5C0A-473B-91B4-9576FD5BCA8B}.Debug|Any CPU.ActiveCfg = Debug|Any CPU
		{FA3C808B-5C0A-473B-91B4-9576FD5BCA8B}.Debug|Any CPU.Build.0 = Debug|Any CPU
		{FA3C808B-5C0A-473B-91B4-9576FD5BCA8B}.Release|Any CPU.ActiveCfg = Release|Any CPU
		{FA3C808B-5C0A-473B-91B4-9576FD5BCA8B}.Release|Any CPU.Build.0 = Release|Any CPU
		{1914F4F1-E715-478E-AE4B-901DF0B15082}.Debug|Any CPU.ActiveCfg = Debug|Any CPU
		{1914F4F1-E715-478E-AE4B-901DF0B15082}.Debug|Any CPU.Build.0 = Debug|Any CPU
		{1914F4F1-E715-478E-AE4B-901DF0B15082}.Release|Any CPU.ActiveCfg = Release|Any CPU
		{1914F4F1-E715-478E-AE4B-901DF0B15082}.Release|Any CPU.Build.0 = Release|Any CPU
		{C3D8C8AB-5267-48AD-8960-6578E0E2362D}.Debug|Any CPU.ActiveCfg = Debug|Any CPU
		{C3D8C8AB-5267-48AD-8960-6578E0E2362D}.Debug|Any CPU.Build.0 = Debug|Any CPU
		{C3D8C8AB-5267-48AD-8960-6578E0E2362D}.Release|Any CPU.ActiveCfg = Release|Any CPU
		{C3D8C8AB-5267-48AD-8960-6578E0E2362D}.Release|Any CPU.Build.0 = Release|Any CPU
		{471E2EEE-F8F8-4097-AA87-B78CED3411F2}.Debug|Any CPU.ActiveCfg = Debug|Any CPU
		{471E2EEE-F8F8-4097-AA87-B78CED3411F2}.Debug|Any CPU.Build.0 = Debug|Any CPU
		{471E2EEE-F8F8-4097-AA87-B78CED3411F2}.Release|Any CPU.ActiveCfg = Release|Any CPU
		{471E2EEE-F8F8-4097-AA87-B78CED3411F2}.Release|Any CPU.Build.0 = Release|Any CPU
	EndGlobalSection
	GlobalSection(SolutionProperties) = preSolution
		HideSolutionNode = FALSE
	EndGlobalSection
	GlobalSection(ExtensibilityGlobals) = postSolution
		SolutionGuid = {49C67560-CD32-4EC0-A992-223329D98356}
	EndGlobalSection
EndGlobal
